
Microsoft Visual Studio Solution File, Format Version 12.00
# Visual Studio Version 17
VisualStudioVersion = 17.4.33213.308
MinimumVisualStudioVersion = 10.0.40219.1
Project("{9A19103F-16F7-4668-BE54-9A1E7A4F7556}") = "TravelBlog.Entity", "TravelBlogEntity\TravelBlog.Entity.csproj", "{88B3F504-3655-4935-99A0-868C51F2C010}"
EndProject
Project("{9A19103F-16F7-4668-BE54-9A1E7A4F7556}") = "TravelBlog.Data", "TravelBlog.Data\TravelBlog.Data.csproj", "{7DEB8F8A-4C56-42C6-8C6A-D9195D2E3A25}"
EndProject
Project("{9A19103F-16F7-4668-BE54-9A1E7A4F7556}") = "TravelBlog.Service", "TravelBlog.Service\TravelBlog.Service.csproj", "{B4487379-C70C-436E-9667-0D141A6262B1}"
EndProject
Project("{9A19103F-16F7-4668-BE54-9A1E7A4F7556}") = "TravelBlog.Web", "TravelBlogWeb\TravelBlog.Web.csproj", "{8DBAB1D8-5C35-4AD9-B70C-040980D9D14F}"
EndProject
Global
	GlobalSection(SolutionConfigurationPlatforms) = preSolution
		Debug|Any CPU = Debug|Any CPU
		Release|Any CPU = Release|Any CPU
	EndGlobalSection
	GlobalSection(ProjectConfigurationPlatforms) = postSolution
		{88B3F504-3655-4935-99A0-868C51F2C010}.Debug|Any CPU.ActiveCfg = Debug|Any CPU
		{88B3F504-3655-4935-99A0-868C51F2C010}.Debug|Any CPU.Build.0 = Debug|Any CPU
		{88B3F504-3655-4935-99A0-868C51F2C010}.Release|Any CPU.ActiveCfg = Release|Any CPU
		{88B3F504-3655-4935-99A0-868C51F2C010}.Release|Any CPU.Build.0 = Release|Any CPU
		{7DEB8F8A-4C56-42C6-8C6A-D9195D2E3A25}.Debug|Any CPU.ActiveCfg = Debug|Any CPU
		{7DEB8F8A-4C56-42C6-8C6A-D9195D2E3A25}.Debug|Any CPU.Build.0 = Debug|Any CPU
		{7DEB8F8A-4C56-42C6-8C6A-D9195D2E3A25}.Release|Any CPU.ActiveCfg = Release|Any CPU
		{7DEB8F8A-4C56-42C6-8C6A-D9195D2E3A25}.Release|Any CPU.Build.0 = Release|Any CPU
		{B4487379-C70C-436E-9667-0D141A6262B1}.Debug|Any CPU.ActiveCfg = Debug|Any CPU
		{B4487379-C70C-436E-9667-0D141A6262B1}.Debug|Any CPU.Build.0 = Debug|Any CPU
		{B4487379-C70C-436E-9667-0D141A6262B1}.Release|Any CPU.ActiveCfg = Release|Any CPU
		{B4487379-C70C-436E-9667-0D141A6262B1}.Release|Any CPU.Build.0 = Release|Any CPU
		{8DBAB1D8-5C35-4AD9-B70C-040980D9D14F}.Debug|Any CPU.ActiveCfg = Debug|Any CPU
		{8DBAB1D8-5C35-4AD9-B70C-040980D9D14F}.Debug|Any CPU.Build.0 = Debug|Any CPU
		{8DBAB1D8-5C35-4AD9-B70C-040980D9D14F}.Release|Any CPU.ActiveCfg = Release|Any CPU
		{8DBAB1D8-5C35-4AD9-B70C-040980D9D14F}.Release|Any CPU.Build.0 = Release|Any CPU
	EndGlobalSection
	GlobalSection(SolutionProperties) = preSolution
		HideSolutionNode = FALSE
	EndGlobalSection
	GlobalSection(ExtensibilityGlobals) = postSolution
		SolutionGuid = {1E0452D2-B2DC-4622-9275-8A4D341B74F4}
	EndGlobalSection
EndGlobal
